
Microsoft Visual Studio Solution File, Format Version 12.00
# Visual Studio 14
VisualStudioVersion = 14.0.25420.1
MinimumVisualStudioVersion = 10.0.40219.1
Project("{FAE04EC0-301F-11D3-BF4B-00C04F79EFBC}") = "PervasiveDigital.Hardware.Mpu9150", "PervasiveDigital.hardware.Mpu9150\PervasiveDigital.Hardware.Mpu9150.csproj", "{DBA0C2A5-2953-45FD-B976-C603293DF7EA}"
EndProject
Project("{2150E333-8FDC-42A3-9474-1A3956D46DE8}") = "Tests", "Tests", "{59495E4F-A9C3-4716-B3E3-7FD622D62CD3}"
EndProject
Project("{FAE04EC0-301F-11D3-BF4B-00C04F79EFBC}") = "RadiusTest", "tests\RadiusTest\RadiusTest.csproj", "{CEB226FC-B7E3-45BF-BF45-EC1EB2E638A2}"
EndProject
Global
	GlobalSection(SolutionConfigurationPlatforms) = preSolution
		Debug|Any CPU = Debug|Any CPU
		Release|Any CPU = Release|Any CPU
	EndGlobalSection
	GlobalSection(ProjectConfigurationPlatforms) = postSolution
		{DBA0C2A5-2953-45FD-B976-C603293DF7EA}.Debug|Any CPU.ActiveCfg = Debug|Any CPU
		{DBA0C2A5-2953-45FD-B976-C603293DF7EA}.Debug|Any CPU.Build.0 = Debug|Any CPU
		{DBA0C2A5-2953-45FD-B976-C603293DF7EA}.Release|Any CPU.ActiveCfg = Release|Any CPU
		{DBA0C2A5-2953-45FD-B976-C603293DF7EA}.Release|Any CPU.Build.0 = Release|Any CPU
		{CEB226FC-B7E3-45BF-BF45-EC1EB2E638A2}.Debug|Any CPU.ActiveCfg = Debug|Any CPU
		{CEB226FC-B7E3-45BF-BF45-EC1EB2E638A2}.Debug|Any CPU.Build.0 = Debug|Any CPU
		{CEB226FC-B7E3-45BF-BF45-EC1EB2E638A2}.Debug|Any CPU.Deploy.0 = Debug|Any CPU
		{CEB226FC-B7E3-45BF-BF45-EC1EB2E638A2}.Release|Any CPU.ActiveCfg = Release|Any CPU
		{CEB226FC-B7E3-45BF-BF45-EC1EB2E638A2}.Release|Any CPU.Build.0 = Release|Any CPU
		{CEB226FC-B7E3-45BF-BF45-EC1EB2E638A2}.Release|Any CPU.Deploy.0 = Release|Any CPU
	EndGlobalSection
	GlobalSection(SolutionProperties) = preSolution
		HideSolutionNode = FALSE
	EndGlobalSection
	GlobalSection(NestedProjects) = preSolution
		{CEB226FC-B7E3-45BF-BF45-EC1EB2E638A2} = {59495E4F-A9C3-4716-B3E3-7FD622D62CD3}
	EndGlobalSection
EndGlobal
